
Microsoft Visual Studio Solution File, Format Version 12.00
# Visual Studio Version 17
VisualStudioVersion = 17.0.31912.275
MinimumVisualStudioVersion = 10.0.40219.1
Project("{9A19103F-16F7-4668-BE54-9A1E7A4F7556}") = "FTS.Business", "Business\Business\FTS.Business.csproj", "{A5CF3858-7333-4266-858E-94CF3AE20197}"
EndProject
Project("{9A19103F-16F7-4668-BE54-9A1E7A4F7556}") = "FTS.Configuration", "Configuration\Configuration\FTS.Configuration.csproj", "{D7115D3B-9588-408A-A984-AF061B9F8BD3}"
EndProject
Project("{9A19103F-16F7-4668-BE54-9A1E7A4F7556}") = "FTS.Data", "Data\Data\FTS.Data.csproj", "{EA104D83-9FD8-43DE-B040-A4A3B30E62E6}"
EndProject
Project("{9A19103F-16F7-4668-BE54-9A1E7A4F7556}") = "Data.Generic", "Data\Data.Generic\Data.Generic.csproj", "{9E8893FC-DF5D-4AE3-8BA9-1B16B11AC668}"
EndProject
Project("{2150E333-8FDC-42A3-9474-1A3956D46DE8}") = "Extensions", "Extensions", "{BBB05B4B-670E-402F-BF4A-9AF01FAD8F46}"
EndProject
Project("{9A19103F-16F7-4668-BE54-9A1E7A4F7556}") = "Cryptography", "Extensions\Cryptography\Cryptography.csproj", "{FAA1A97D-7690-490E-A686-92E235624BD9}"
EndProject
Project("{9A19103F-16F7-4668-BE54-9A1E7A4F7556}") = "Email", "Extensions\Email\Email.csproj", "{14D743DF-ACF5-4EB0-BE6A-8A3B4A9D8B20}"
EndProject
Project("{9A19103F-16F7-4668-BE54-9A1E7A4F7556}") = "FileManager", "Extensions\FileImportManager\FileManager.csproj", "{F9090932-DE77-4B5D-B189-A7C559991440}"
EndProject
Project("{9A19103F-16F7-4668-BE54-9A1E7A4F7556}") = "FormHelper", "Extensions\FormHelper\FormHelper\FormHelper.csproj", "{7A270617-CB66-43E7-9817-53926749E5D4}"
EndProject
Project("{9A19103F-16F7-4668-BE54-9A1E7A4F7556}") = "HttpRequestHandler", "Extensions\HttpRequestHandler\HttpRequestHandler.csproj", "{DF63DC48-9DB5-43EA-8CA1-719F69FD4DA5}"
EndProject
Project("{9A19103F-16F7-4668-BE54-9A1E7A4F7556}") = "JwtManager", "Extensions\JwtManager\JwtManager.csproj", "{B9FD17B9-CEE1-43CD-96B0-B6FCBA6ADDE3}"
EndProject
Project("{9A19103F-16F7-4668-BE54-9A1E7A4F7556}") = "Logger", "Extensions\Logger\Logger.csproj", "{7803A633-995E-4738-9785-F72CDA807BAD}"
EndProject
Project("{9A19103F-16F7-4668-BE54-9A1E7A4F7556}") = "Mapper", "Extensions\Mapper\Mapper.csproj", "{19C13496-0B40-4769-9BB2-9A4688EE8C6B}"
EndProject
Project("{2150E333-8FDC-42A3-9474-1A3956D46DE8}") = "Model", "Model", "{35DF2BBB-074B-4718-B360-C93931E2B05D}"
EndProject
Project("{9A19103F-16F7-4668-BE54-9A1E7A4F7556}") = "FTS.Model", "Model\Model\FTS.Model.csproj", "{B1C7DE1C-F202-460A-B23D-8AAE41FA8540}"
EndProject
Project("{2150E333-8FDC-42A3-9474-1A3956D46DE8}") = "Utility", "Utility", "{E1A3927B-8874-4FD4-8081-B9A549DE997B}"
EndProject
Project("{9A19103F-16F7-4668-BE54-9A1E7A4F7556}") = "Utility", "Utility\Utility\Utility.csproj", "{3B6319F5-4561-4909-A59D-7AAB04261F7E}"
EndProject
Project("{9A19103F-16F7-4668-BE54-9A1E7A4F7556}") = "Fts_Web", "FTS_Web\Fts_Web.csproj", "{777FAAA5-7EBE-4F4D-8B5B-0A39C1122F7D}"
EndProject
Global
	GlobalSection(SolutionConfigurationPlatforms) = preSolution
		Debug|Any CPU = Debug|Any CPU
		Release|Any CPU = Release|Any CPU
	EndGlobalSection
	GlobalSection(ProjectConfigurationPlatforms) = postSolution
		{A5CF3858-7333-4266-858E-94CF3AE20197}.Debug|Any CPU.ActiveCfg = Debug|Any CPU
		{A5CF3858-7333-4266-858E-94CF3AE20197}.Debug|Any CPU.Build.0 = Debug|Any CPU
		{A5CF3858-7333-4266-858E-94CF3AE20197}.Release|Any CPU.ActiveCfg = Release|Any CPU
		{A5CF3858-7333-4266-858E-94CF3AE20197}.Release|Any CPU.Build.0 = Release|Any CPU
		{D7115D3B-9588-408A-A984-AF061B9F8BD3}.Debug|Any CPU.ActiveCfg = Debug|Any CPU
		{D7115D3B-9588-408A-A984-AF061B9F8BD3}.Debug|Any CPU.Build.0 = Debug|Any CPU
		{D7115D3B-9588-408A-A984-AF061B9F8BD3}.Release|Any CPU.ActiveCfg = Release|Any CPU
		{D7115D3B-9588-408A-A984-AF061B9F8BD3}.Release|Any CPU.Build.0 = Release|Any CPU
		{EA104D83-9FD8-43DE-B040-A4A3B30E62E6}.Debug|Any CPU.ActiveCfg = Debug|Any CPU
		{EA104D83-9FD8-43DE-B040-A4A3B30E62E6}.Debug|Any CPU.Build.0 = Debug|Any CPU
		{EA104D83-9FD8-43DE-B040-A4A3B30E62E6}.Release|Any CPU.ActiveCfg = Release|Any CPU
		{EA104D83-9FD8-43DE-B040-A4A3B30E62E6}.Release|Any CPU.Build.0 = Release|Any CPU
		{9E8893FC-DF5D-4AE3-8BA9-1B16B11AC668}.Debug|Any CPU.ActiveCfg = Debug|Any CPU
		{9E8893FC-DF5D-4AE3-8BA9-1B16B11AC668}.Debug|Any CPU.Build.0 = Debug|Any CPU
		{9E8893FC-DF5D-4AE3-8BA9-1B16B11AC668}.Release|Any CPU.ActiveCfg = Release|Any CPU
		{9E8893FC-DF5D-4AE3-8BA9-1B16B11AC668}.Release|Any CPU.Build.0 = Release|Any CPU
		{FAA1A97D-7690-490E-A686-92E235624BD9}.Debug|Any CPU.ActiveCfg = Debug|Any CPU
		{FAA1A97D-7690-490E-A686-92E235624BD9}.Debug|Any CPU.Build.0 = Debug|Any CPU
		{FAA1A97D-7690-490E-A686-92E235624BD9}.Release|Any CPU.ActiveCfg = Release|Any CPU
		{FAA1A97D-7690-490E-A686-92E235624BD9}.Release|Any CPU.Build.0 = Release|Any CPU
		{14D743DF-ACF5-4EB0-BE6A-8A3B4A9D8B20}.Debug|Any CPU.ActiveCfg = Debug|Any CPU
		{14D743DF-ACF5-4EB0-BE6A-8A3B4A9D8B20}.Debug|Any CPU.Build.0 = Debug|Any CPU
		{14D743DF-ACF5-4EB0-BE6A-8A3B4A9D8B20}.Release|Any CPU.ActiveCfg = Release|Any CPU
		{14D743DF-ACF5-4EB0-BE6A-8A3B4A9D8B20}.Release|Any CPU.Build.0 = Release|Any CPU
		{F9090932-DE77-4B5D-B189-A7C559991440}.Debug|Any CPU.ActiveCfg = Debug|Any CPU
		{F9090932-DE77-4B5D-B189-A7C559991440}.Debug|Any CPU.Build.0 = Debug|Any CPU
		{F9090932-DE77-4B5D-B189-A7C559991440}.Release|Any CPU.ActiveCfg = Release|Any CPU
		{F9090932-DE77-4B5D-B189-A7C559991440}.Release|Any CPU.Build.0 = Release|Any CPU
		{7A270617-CB66-43E7-9817-53926749E5D4}.Debug|Any CPU.ActiveCfg = Debug|Any CPU
		{7A270617-CB66-43E7-9817-53926749E5D4}.Debug|Any CPU.Build.0 = Debug|Any CPU
		{7A270617-CB66-43E7-9817-53926749E5D4}.Release|Any CPU.ActiveCfg = Release|Any CPU
		{7A270617-CB66-43E7-9817-53926749E5D4}.Release|Any CPU.Build.0 = Release|Any CPU
		{DF63DC48-9DB5-43EA-8CA1-719F69FD4DA5}.Debug|Any CPU.ActiveCfg = Debug|Any CPU
		{DF63DC48-9DB5-43EA-8CA1-719F69FD4DA5}.Debug|Any CPU.Build.0 = Debug|Any CPU
		{DF63DC48-9DB5-43EA-8CA1-719F69FD4DA5}.Release|Any CPU.ActiveCfg = Release|Any CPU
		{DF63DC48-9DB5-43EA-8CA1-719F69FD4DA5}.Release|Any CPU.Build.0 = Release|Any CPU
		{B9FD17B9-CEE1-43CD-96B0-B6FCBA6ADDE3}.Debug|Any CPU.ActiveCfg = Debug|Any CPU
		{B9FD17B9-CEE1-43CD-96B0-B6FCBA6ADDE3}.Debug|Any CPU.Build.0 = Debug|Any CPU
		{B9FD17B9-CEE1-43CD-96B0-B6FCBA6ADDE3}.Release|Any CPU.ActiveCfg = Release|Any CPU
		{B9FD17B9-CEE1-43CD-96B0-B6FCBA6ADDE3}.Release|Any CPU.Build.0 = Release|Any CPU
		{7803A633-995E-4738-9785-F72CDA807BAD}.Debug|Any CPU.ActiveCfg = Debug|Any CPU
		{7803A633-995E-4738-9785-F72CDA807BAD}.Debug|Any CPU.Build.0 = Debug|Any CPU
		{7803A633-995E-4738-9785-F72CDA807BAD}.Release|Any CPU.ActiveCfg = Release|Any CPU
		{7803A633-995E-4738-9785-F72CDA807BAD}.Release|Any CPU.Build.0 = Release|Any CPU
		{19C13496-0B40-4769-9BB2-9A4688EE8C6B}.Debug|Any CPU.ActiveCfg = Debug|Any CPU
		{19C13496-0B40-4769-9BB2-9A4688EE8C6B}.Debug|Any CPU.Build.0 = Debug|Any CPU
		{19C13496-0B40-4769-9BB2-9A4688EE8C6B}.Release|Any CPU.ActiveCfg = Release|Any CPU
		{19C13496-0B40-4769-9BB2-9A4688EE8C6B}.Release|Any CPU.Build.0 = Release|Any CPU
		{B1C7DE1C-F202-460A-B23D-8AAE41FA8540}.Debug|Any CPU.ActiveCfg = Debug|Any CPU
		{B1C7DE1C-F202-460A-B23D-8AAE41FA8540}.Debug|Any CPU.Build.0 = Debug|Any CPU
		{B1C7DE1C-F202-460A-B23D-8AAE41FA8540}.Release|Any CPU.ActiveCfg = Release|Any CPU
		{B1C7DE1C-F202-460A-B23D-8AAE41FA8540}.Release|Any CPU.Build.0 = Release|Any CPU
		{3B6319F5-4561-4909-A59D-7AAB04261F7E}.Debug|Any CPU.ActiveCfg = Debug|Any CPU
		{3B6319F5-4561-4909-A59D-7AAB04261F7E}.Debug|Any CPU.Build.0 = Debug|Any CPU
		{3B6319F5-4561-4909-A59D-7AAB04261F7E}.Release|Any CPU.ActiveCfg = Release|Any CPU
		{3B6319F5-4561-4909-A59D-7AAB04261F7E}.Release|Any CPU.Build.0 = Release|Any CPU
		{777FAAA5-7EBE-4F4D-8B5B-0A39C1122F7D}.Debug|Any CPU.ActiveCfg = Debug|Any CPU
		{777FAAA5-7EBE-4F4D-8B5B-0A39C1122F7D}.Debug|Any CPU.Build.0 = Debug|Any CPU
		{777FAAA5-7EBE-4F4D-8B5B-0A39C1122F7D}.Release|Any CPU.ActiveCfg = Release|Any CPU
		{777FAAA5-7EBE-4F4D-8B5B-0A39C1122F7D}.Release|Any CPU.Build.0 = Release|Any CPU
	EndGlobalSection
	GlobalSection(SolutionProperties) = preSolution
		HideSolutionNode = FALSE
	EndGlobalSection
	GlobalSection(NestedProjects) = preSolution
		{FAA1A97D-7690-490E-A686-92E235624BD9} = {BBB05B4B-670E-402F-BF4A-9AF01FAD8F46}
		{14D743DF-ACF5-4EB0-BE6A-8A3B4A9D8B20} = {BBB05B4B-670E-402F-BF4A-9AF01FAD8F46}
		{F9090932-DE77-4B5D-B189-A7C559991440} = {BBB05B4B-670E-402F-BF4A-9AF01FAD8F46}
		{7A270617-CB66-43E7-9817-53926749E5D4} = {BBB05B4B-670E-402F-BF4A-9AF01FAD8F46}
		{DF63DC48-9DB5-43EA-8CA1-719F69FD4DA5} = {BBB05B4B-670E-402F-BF4A-9AF01FAD8F46}
		{B9FD17B9-CEE1-43CD-96B0-B6FCBA6ADDE3} = {BBB05B4B-670E-402F-BF4A-9AF01FAD8F46}
		{7803A633-995E-4738-9785-F72CDA807BAD} = {BBB05B4B-670E-402F-BF4A-9AF01FAD8F46}
		{19C13496-0B40-4769-9BB2-9A4688EE8C6B} = {BBB05B4B-670E-402F-BF4A-9AF01FAD8F46}
		{B1C7DE1C-F202-460A-B23D-8AAE41FA8540} = {35DF2BBB-074B-4718-B360-C93931E2B05D}
		{3B6319F5-4561-4909-A59D-7AAB04261F7E} = {E1A3927B-8874-4FD4-8081-B9A549DE997B}
	EndGlobalSection
	GlobalSection(ExtensibilityGlobals) = postSolution
		SolutionGuid = {28D758CD-65E7-4BF1-B1E7-3474B2674ED4}
	EndGlobalSection
EndGlobal
